// !$*UTF8*$!
{
	archiveVersion = 1;
	classes = {
	};
	objectVersion = 51;
	objects = {

/* Begin PBXBuildFile section */
		1987A9E9A534747A5C51AFB0 /* Pods_TumblrUITests.framework in Frameworks */ = {isa = PBXBuildFile; fileRef = D2FF1DABC060413B58C7D91A /* Pods_TumblrUITests.framework */; };
		A149B492338627EC2DE94150 /* Pods_Tumblr.framework in Frameworks */ = {isa = PBXBuildFile; fileRef = 88F397B41CC8392EB30B1946 /* Pods_Tumblr.framework */; };
		FA296EA7CB9E604D68C5FE40 /* Pods_TumblrTests.framework in Frameworks */ = {isa = PBXBuildFile; fileRef = CDA12186B27340F17796CB2B /* Pods_TumblrTests.framework */; };
		FF80739422C5346E0034E444 /* AppDelegate.m in Sources */ = {isa = PBXBuildFile; fileRef = FF80739322C5346E0034E444 /* AppDelegate.m */; };
		FF80739A22C5346E0034E444 /* Main.storyboard in Resources */ = {isa = PBXBuildFile; fileRef = FF80739822C5346E0034E444 /* Main.storyboard */; };
		FF80739C22C5346E0034E444 /* Assets.xcassets in Resources */ = {isa = PBXBuildFile; fileRef = FF80739B22C5346E0034E444 /* Assets.xcassets */; };
		FF80739F22C5346E0034E444 /* LaunchScreen.storyboard in Resources */ = {isa = PBXBuildFile; fileRef = FF80739D22C5346E0034E444 /* LaunchScreen.storyboard */; };
		FF8073A222C5346E0034E444 /* main.m in Sources */ = {isa = PBXBuildFile; fileRef = FF8073A122C5346E0034E444 /* main.m */; };
		FF8073AC22C5346F0034E444 /* TumblrTests.m in Sources */ = {isa = PBXBuildFile; fileRef = FF8073AB22C5346F0034E444 /* TumblrTests.m */; };
		FF8073B722C5346F0034E444 /* TumblrUITests.m in Sources */ = {isa = PBXBuildFile; fileRef = FF8073B622C5346F0034E444 /* TumblrUITests.m */; };
		FF8073C622C535980034E444 /* PhotosViewController.m in Sources */ = {isa = PBXBuildFile; fileRef = FF8073C522C535980034E444 /* PhotosViewController.m */; };
		FF8073CB22C53A9F0034E444 /* PhotosTableViewCell.m in Sources */ = {isa = PBXBuildFile; fileRef = FF8073CA22C53A9F0034E444 /* PhotosTableViewCell.m */; };
/* End PBXBuildFile section */

/* Begin PBXContainerItemProxy section */
		FF8073A822C5346F0034E444 /* PBXContainerItemProxy */ = {
			isa = PBXContainerItemProxy;
			containerPortal = FF80738722C5346E0034E444 /* Project object */;
			proxyType = 1;
			remoteGlobalIDString = FF80738E22C5346E0034E444;
			remoteInfo = Tumblr;
		};
		FF8073B322C5346F0034E444 /* PBXContainerItemProxy */ = {
			isa = PBXContainerItemProxy;
			containerPortal = FF80738722C5346E0034E444 /* Project object */;
			proxyType = 1;
			remoteGlobalIDString = FF80738E22C5346E0034E444;
			remoteInfo = Tumblr;
		};
/* End PBXContainerItemProxy section */

/* Begin PBXFileReference section */
		20A6E9A1457F81D62412FCC6 /* Pods-TumblrUITests.release.xcconfig */ = {isa = PBXFileReference; includeInIndex = 1; lastKnownFileType = text.xcconfig; name = "Pods-TumblrUITests.release.xcconfig"; path = "Target Support Files/Pods-TumblrUITests/Pods-TumblrUITests.release.xcconfig"; sourceTree = "<group>"; };
		5E468C803F0B8D9067B96111 /* Pods-TumblrUITests.debug.xcconfig */ = {isa = PBXFileReference; includeInIndex = 1; lastKnownFileType = text.xcconfig; name = "Pods-TumblrUITests.debug.xcconfig"; path = "Target Support Files/Pods-TumblrUITests/Pods-TumblrUITests.debug.xcconfig"; sourceTree = "<group>"; };
		641F4416FDA17FD1ACFB44AD /* Pods-Tumblr.release.xcconfig */ = {isa = PBXFileReference; includeInIndex = 1; lastKnownFileType = text.xcconfig; name = "Pods-Tumblr.release.xcconfig"; path = "Target Support Files/Pods-Tumblr/Pods-Tumblr.release.xcconfig"; sourceTree = "<group>"; };
		67DDF81672F05A49728AC5FA /* Pods-Tumblr.debug.xcconfig */ = {isa = PBXFileReference; includeInIndex = 1; lastKnownFileType = text.xcconfig; name = "Pods-Tumblr.debug.xcconfig"; path = "Target Support Files/Pods-Tumblr/Pods-Tumblr.debug.xcconfig"; sourceTree = "<group>"; };
		7DFF2F6346DD22161B772A78 /* Pods-TumblrTests.release.xcconfig */ = {isa = PBXFileReference; includeInIndex = 1; lastKnownFileType = text.xcconfig; name = "Pods-TumblrTests.release.xcconfig"; path = "Target Support Files/Pods-TumblrTests/Pods-TumblrTests.release.xcconfig"; sourceTree = "<group>"; };
		88F397B41CC8392EB30B1946 /* Pods_Tumblr.framework */ = {isa = PBXFileReference; explicitFileType = wrapper.framework; includeInIndex = 0; path = Pods_Tumblr.framework; sourceTree = BUILT_PRODUCTS_DIR; };
		8A932FEE192FCFBB6BF672ED /* Pods-TumblrTests.debug.xcconfig */ = {isa = PBXFileReference; includeInIndex = 1; lastKnownFileType = text.xcconfig; name = "Pods-TumblrTests.debug.xcconfig"; path = "Target Support Files/Pods-TumblrTests/Pods-TumblrTests.debug.xcconfig"; sourceTree = "<group>"; };
		CDA12186B27340F17796CB2B /* Pods_TumblrTests.framework */ = {isa = PBXFileReference; explicitFileType = wrapper.framework; includeInIndex = 0; path = Pods_TumblrTests.framework; sourceTree = BUILT_PRODUCTS_DIR; };
		D2FF1DABC060413B58C7D91A /* Pods_TumblrUITests.framework */ = {isa = PBXFileReference; explicitFileType = wrapper.framework; includeInIndex = 0; path = Pods_TumblrUITests.framework; sourceTree = BUILT_PRODUCTS_DIR; };
		FF80738F22C5346E0034E444 /* Tumblr.app */ = {isa = PBXFileReference; explicitFileType = wrapper.application; includeInIndex = 0; path = Tumblr.app; sourceTree = BUILT_PRODUCTS_DIR; };
		FF80739222C5346E0034E444 /* AppDelegate.h */ = {isa = PBXFileReference; lastKnownFileType = sourcecode.c.h; path = AppDelegate.h; sourceTree = "<group>"; };
		FF80739322C5346E0034E444 /* AppDelegate.m */ = {isa = PBXFileReference; lastKnownFileType = sourcecode.c.objc; path = AppDelegate.m; sourceTree = "<group>"; };
		FF80739922C5346E0034E444 /* Base */ = {isa = PBXFileReference; lastKnownFileType = file.storyboard; name = Base; path = Base.lproj/Main.storyboard; sourceTree = "<group>"; };
		FF80739B22C5346E0034E444 /* Assets.xcassets */ = {isa = PBXFileReference; lastKnownFileType = folder.assetcatalog; path = Assets.xcassets; sourceTree = "<group>"; };
		FF80739E22C5346E0034E444 /* Base */ = {isa = PBXFileReference; lastKnownFileType = file.storyboard; name = Base; path = Base.lproj/LaunchScreen.storyboard; sourceTree = "<group>"; };
		FF8073A022C5346E0034E444 /* Info.plist */ = {isa = PBXFileReference; lastKnownFileType = text.plist.xml; path = Info.plist; sourceTree = "<group>"; };
		FF8073A122C5346E0034E444 /* main.m */ = {isa = PBXFileReference; lastKnownFileType = sourcecode.c.objc; path = main.m; sourceTree = "<group>"; };
		FF8073A722C5346F0034E444 /* TumblrTests.xctest */ = {isa = PBXFileReference; explicitFileType = wrapper.cfbundle; includeInIndex = 0; path = TumblrTests.xctest; sourceTree = BUILT_PRODUCTS_DIR; };
		FF8073AB22C5346F0034E444 /* TumblrTests.m */ = {isa = PBXFileReference; lastKnownFileType = sourcecode.c.objc; path = TumblrTests.m; sourceTree = "<group>"; };
		FF8073AD22C5346F0034E444 /* Info.plist */ = {isa = PBXFileReference; lastKnownFileType = text.plist.xml; path = Info.plist; sourceTree = "<group>"; };
		FF8073B222C5346F0034E444 /* TumblrUITests.xctest */ = {isa = PBXFileReference; explicitFileType = wrapper.cfbundle; includeInIndex = 0; path = TumblrUITests.xctest; sourceTree = BUILT_PRODUCTS_DIR; };
		FF8073B622C5346F0034E444 /* TumblrUITests.m */ = {isa = PBXFileReference; lastKnownFileType = sourcecode.c.objc; path = TumblrUITests.m; sourceTree = "<group>"; };
		FF8073B822C5346F0034E444 /* Info.plist */ = {isa = PBXFileReference; lastKnownFileType = text.plist.xml; path = Info.plist; sourceTree = "<group>"; };
		FF8073C422C535980034E444 /* PhotosViewController.h */ = {isa = PBXFileReference; lastKnownFileType = sourcecode.c.h; path = PhotosViewController.h; sourceTree = "<group>"; };
		FF8073C522C535980034E444 /* PhotosViewController.m */ = {isa = PBXFileReference; lastKnownFileType = sourcecode.c.objc; path = PhotosViewController.m; sourceTree = "<group>"; };
		FF8073C922C53A9F0034E444 /* PhotosTableViewCell.h */ = {isa = PBXFileReference; lastKnownFileType = sourcecode.c.h; path = PhotosTableViewCell.h; sourceTree = "<group>"; };
		FF8073CA22C53A9F0034E444 /* PhotosTableViewCell.m */ = {isa = PBXFileReference; lastKnownFileType = sourcecode.c.objc; path = PhotosTableViewCell.m; sourceTree = "<group>"; };
/* End PBXFileReference section */

/* Begin PBXFrameworksBuildPhase section */
		FF80738C22C5346E0034E444 /* Frameworks */ = {
			isa = PBXFrameworksBuildPhase;
			buildActionMask = 2147483647;
			files = (
				A149B492338627EC2DE94150 /* Pods_Tumblr.framework in Frameworks */,
			);
			runOnlyForDeploymentPostprocessing = 0;
		};
		FF8073A422C5346F0034E444 /* Frameworks */ = {
			isa = PBXFrameworksBuildPhase;
			buildActionMask = 2147483647;
			files = (
				FA296EA7CB9E604D68C5FE40 /* Pods_TumblrTests.framework in Frameworks */,
			);
			runOnlyForDeploymentPostprocessing = 0;
		};
		FF8073AF22C5346F0034E444 /* Frameworks */ = {
			isa = PBXFrameworksBuildPhase;
			buildActionMask = 2147483647;
			files = (
				1987A9E9A534747A5C51AFB0 /* Pods_TumblrUITests.framework in Frameworks */,
			);
			runOnlyForDeploymentPostprocessing = 0;
		};
/* End PBXFrameworksBuildPhase section */

/* Begin PBXGroup section */
		7D3040B283AF07B836B1227D /* Frameworks */ = {
			isa = PBXGroup;
			children = (
				88F397B41CC8392EB30B1946 /* Pods_Tumblr.framework */,
				CDA12186B27340F17796CB2B /* Pods_TumblrTests.framework */,
				D2FF1DABC060413B58C7D91A /* Pods_TumblrUITests.framework */,
			);
			name = Frameworks;
			sourceTree = "<group>";
		};
		7F85389092651C4AB54F9723 /* Pods */ = {
			isa = PBXGroup;
			children = (
				67DDF81672F05A49728AC5FA /* Pods-Tumblr.debug.xcconfig */,
				641F4416FDA17FD1ACFB44AD /* Pods-Tumblr.release.xcconfig */,
				8A932FEE192FCFBB6BF672ED /* Pods-TumblrTests.debug.xcconfig */,
				7DFF2F6346DD22161B772A78 /* Pods-TumblrTests.release.xcconfig */,
				5E468C803F0B8D9067B96111 /* Pods-TumblrUITests.debug.xcconfig */,
				20A6E9A1457F81D62412FCC6 /* Pods-TumblrUITests.release.xcconfig */,
			);
			path = Pods;
			sourceTree = "<group>";
		};
		FF80738622C5346E0034E444 = {
			isa = PBXGroup;
			children = (
				FF80739122C5346E0034E444 /* Tumblr */,
				FF8073AA22C5346F0034E444 /* TumblrTests */,
				FF8073B522C5346F0034E444 /* TumblrUITests */,
				FF80739022C5346E0034E444 /* Products */,
				7F85389092651C4AB54F9723 /* Pods */,
				7D3040B283AF07B836B1227D /* Frameworks */,
			);
			sourceTree = "<group>";
		};
		FF80739022C5346E0034E444 /* Products */ = {
			isa = PBXGroup;
			children = (
				FF80738F22C5346E0034E444 /* Tumblr.app */,
				FF8073A722C5346F0034E444 /* TumblrTests.xctest */,
				FF8073B222C5346F0034E444 /* TumblrUITests.xctest */,
			);
			name = Products;
			sourceTree = "<group>";
		};
		FF80739122C5346E0034E444 /* Tumblr */ = {
			isa = PBXGroup;
			children = (
				FF8073C822C53A800034E444 /* Views */,
				FF8073C722C535AF0034E444 /* View Controllers */,
				FF80739222C5346E0034E444 /* AppDelegate.h */,
				FF80739322C5346E0034E444 /* AppDelegate.m */,
				FF80739822C5346E0034E444 /* Main.storyboard */,
				FF80739B22C5346E0034E444 /* Assets.xcassets */,
				FF80739D22C5346E0034E444 /* LaunchScreen.storyboard */,
				FF8073A022C5346E0034E444 /* Info.plist */,
				FF8073A122C5346E0034E444 /* main.m */,
			);
			path = Tumblr;
			sourceTree = "<group>";
		};
		FF8073AA22C5346F0034E444 /* TumblrTests */ = {
			isa = PBXGroup;
			children = (
				FF8073AB22C5346F0034E444 /* TumblrTests.m */,
				FF8073AD22C5346F0034E444 /* Info.plist */,
			);
			path = TumblrTests;
			sourceTree = "<group>";
		};
		FF8073B522C5346F0034E444 /* TumblrUITests */ = {
			isa = PBXGroup;
			children = (
				FF8073B622C5346F0034E444 /* TumblrUITests.m */,
				FF8073B822C5346F0034E444 /* Info.plist */,
			);
			path = TumblrUITests;
			sourceTree = "<group>";
		};
		FF8073C722C535AF0034E444 /* View Controllers */ = {
			isa = PBXGroup;
			children = (
				FF8073C422C535980034E444 /* PhotosViewController.h */,
				FF8073C522C535980034E444 /* PhotosViewController.m */,
			);
			path = "View Controllers";
			sourceTree = "<group>";
		};
		FF8073C822C53A800034E444 /* Views */ = {
			isa = PBXGroup;
			children = (
				FF8073C922C53A9F0034E444 /* PhotosTableViewCell.h */,
				FF8073CA22C53A9F0034E444 /* PhotosTableViewCell.m */,
			);
			path = Views;
			sourceTree = "<group>";
		};
/* End PBXGroup section */

/* Begin PBXNativeTarget section */
		FF80738E22C5346E0034E444 /* Tumblr */ = {
			isa = PBXNativeTarget;
			buildConfigurationList = FF8073BB22C5346F0034E444 /* Build configuration list for PBXNativeTarget "Tumblr" */;
			buildPhases = (
				495970634F28CC9F1DF7B903 /* [CP] Check Pods Manifest.lock */,
				FF80738B22C5346E0034E444 /* Sources */,
				FF80738C22C5346E0034E444 /* Frameworks */,
				FF80738D22C5346E0034E444 /* Resources */,
				DAC318851271B2EF532A06D7 /* [CP] Embed Pods Frameworks */,
			);
			buildRules = (
			);
			dependencies = (
			);
			name = Tumblr;
			productName = Tumblr;
			productReference = FF80738F22C5346E0034E444 /* Tumblr.app */;
			productType = "com.apple.product-type.application";
		};
		FF8073A622C5346F0034E444 /* TumblrTests */ = {
			isa = PBXNativeTarget;
			buildConfigurationList = FF8073BE22C5346F0034E444 /* Build configuration list for PBXNativeTarget "TumblrTests" */;
			buildPhases = (
				88ADBA6382251185F0D35166 /* [CP] Check Pods Manifest.lock */,
				FF8073A322C5346F0034E444 /* Sources */,
				FF8073A422C5346F0034E444 /* Frameworks */,
				FF8073A522C5346F0034E444 /* Resources */,
			);
			buildRules = (
			);
			dependencies = (
				FF8073A922C5346F0034E444 /* PBXTargetDependency */,
			);
			name = TumblrTests;
			productName = TumblrTests;
			productReference = FF8073A722C5346F0034E444 /* TumblrTests.xctest */;
			productType = "com.apple.product-type.bundle.unit-test";
		};
		FF8073B122C5346F0034E444 /* TumblrUITests */ = {
			isa = PBXNativeTarget;
			buildConfigurationList = FF8073C122C5346F0034E444 /* Build configuration list for PBXNativeTarget "TumblrUITests" */;
			buildPhases = (
				1B803955AD910FA462695B6B /* [CP] Check Pods Manifest.lock */,
				FF8073AE22C5346F0034E444 /* Sources */,
				FF8073AF22C5346F0034E444 /* Frameworks */,
				FF8073B022C5346F0034E444 /* Resources */,
			);
			buildRules = (
			);
			dependencies = (
				FF8073B422C5346F0034E444 /* PBXTargetDependency */,
			);
			name = TumblrUITests;
			productName = TumblrUITests;
			productReference = FF8073B222C5346F0034E444 /* TumblrUITests.xctest */;
			productType = "com.apple.product-type.bundle.ui-testing";
		};
/* End PBXNativeTarget section */

/* Begin PBXProject section */
		FF80738722C5346E0034E444 /* Project object */ = {
			isa = PBXProject;
			attributes = {
				LastUpgradeCheck = 1020;
				ORGANIZATIONNAME = michaelvargas;
				TargetAttributes = {
					FF80738E22C5346E0034E444 = {
						CreatedOnToolsVersion = 10.2.1;
					};
					FF8073A622C5346F0034E444 = {
						CreatedOnToolsVersion = 10.2.1;
						TestTargetID = FF80738E22C5346E0034E444;
					};
					FF8073B122C5346F0034E444 = {
						CreatedOnToolsVersion = 10.2.1;
						TestTargetID = FF80738E22C5346E0034E444;
					};
				};
			};
			buildConfigurationList = FF80738A22C5346E0034E444 /* Build configuration list for PBXProject "Tumblr" */;
			compatibilityVersion = "Xcode 9.3";
			developmentRegion = en;
			hasScannedForEncodings = 0;
			knownRegions = (
				en,
				Base,
			);
			mainGroup = FF80738622C5346E0034E444;
			productRefGroup = FF80739022C5346E0034E444 /* Products */;
			projectDirPath = "";
			projectRoot = "";
			targets = (
				FF80738E22C5346E0034E444 /* Tumblr */,
				FF8073A622C5346F0034E444 /* TumblrTests */,
				FF8073B122C5346F0034E444 /* TumblrUITests */,
			);
		};
/* End PBXProject section */

/* Begin PBXResourcesBuildPhase section */
		FF80738D22C5346E0034E444 /* Resources */ = {
			isa = PBXResourcesBuildPhase;
			buildActionMask = 2147483647;
			files = (
				FF80739F22C5346E0034E444 /* LaunchScreen.storyboard in Resources */,
				FF80739C22C5346E0034E444 /* Assets.xcassets in Resources */,
				FF80739A22C5346E0034E444 /* Main.storyboard in Resources */,
			);
			runOnlyForDeploymentPostprocessing = 0;
		};
		FF8073A522C5346F0034E444 /* Resources */ = {
			isa = PBXResourcesBuildPhase;
			buildActionMask = 2147483647;
			files = (
			);
			runOnlyForDeploymentPostprocessing = 0;
		};
		FF8073B022C5346F0034E444 /* Resources */ = {
			isa = PBXResourcesBuildPhase;
			buildActionMask = 2147483647;
			files = (
			);
			runOnlyForDeploymentPostprocessing = 0;
		};
/* End PBXResourcesBuildPhase section */

/* Begin PBXShellScriptBuildPhase section */
		1B803955AD910FA462695B6B /* [CP] Check Pods Manifest.lock */ = {
			isa = PBXShellScriptBuildPhase;
			buildActionMask = 2147483647;
			files = (
			);
			inputFileListPaths = (
			);
			inputPaths = (
				"${PODS_PODFILE_DIR_PATH}/Podfile.lock",
				"${PODS_ROOT}/Manifest.lock",
			);
			name = "[CP] Check Pods Manifest.lock";
			outputFileListPaths = (
			);
			outputPaths = (
				"$(DERIVED_FILE_DIR)/Pods-TumblrUITests-checkManifestLockResult.txt",
			);
			runOnlyForDeploymentPostprocessing = 0;
			shellPath = /bin/sh;
			shellScript = "diff \"${PODS_PODFILE_DIR_PATH}/Podfile.lock\" \"${PODS_ROOT}/Manifest.lock\" > /dev/null\nif [ $? != 0 ] ; then\n    # print error to STDERR\n    echo \"error: The sandbox is not in sync with the Podfile.lock. Run 'pod install' or update your CocoaPods installation.\" >&2\n    exit 1\nfi\n# This output is used by Xcode 'outputs' to avoid re-running this script phase.\necho \"SUCCESS\" > \"${SCRIPT_OUTPUT_FILE_0}\"\n";
			showEnvVarsInLog = 0;
		};
		495970634F28CC9F1DF7B903 /* [CP] Check Pods Manifest.lock */ = {
			isa = PBXShellScriptBuildPhase;
			buildActionMask = 2147483647;
			files = (
			);
			inputFileListPaths = (
			);
			inputPaths = (
				"${PODS_PODFILE_DIR_PATH}/Podfile.lock",
				"${PODS_ROOT}/Manifest.lock",
			);
			name = "[CP] Check Pods Manifest.lock";
			outputFileListPaths = (
			);
			outputPaths = (
				"$(DERIVED_FILE_DIR)/Pods-Tumblr-checkManifestLockResult.txt",
			);
			runOnlyForDeploymentPostprocessing = 0;
			shellPath = /bin/sh;
			shellScript = "diff \"${PODS_PODFILE_DIR_PATH}/Podfile.lock\" \"${PODS_ROOT}/Manifest.lock\" > /dev/null\nif [ $? != 0 ] ; then\n    # print error to STDERR\n    echo \"error: The sandbox is not in sync with the Podfile.lock. Run 'pod install' or update your CocoaPods installation.\" >&2\n    exit 1\nfi\n# This output is used by Xcode 'outputs' to avoid re-running this script phase.\necho \"SUCCESS\" > \"${SCRIPT_OUTPUT_FILE_0}\"\n";
			showEnvVarsInLog = 0;
		};
		88ADBA6382251185F0D35166 /* [CP] Check Pods Manifest.lock */ = {
			isa = PBXShellScriptBuildPhase;
			buildActionMask = 2147483647;
			files = (
			);
			inputFileListPaths = (
			);
			inputPaths = (
				"${PODS_PODFILE_DIR_PATH}/Podfile.lock",
				"${PODS_ROOT}/Manifest.lock",
			);
			name = "[CP] Check Pods Manifest.lock";
			outputFileListPaths = (
			);
			outputPaths = (
				"$(DERIVED_FILE_DIR)/Pods-TumblrTests-checkManifestLockResult.txt",
			);
			runOnlyForDeploymentPostprocessing = 0;
			shellPath = /bin/sh;
			shellScript = "diff \"${PODS_PODFILE_DIR_PATH}/Podfile.lock\" \"${PODS_ROOT}/Manifest.lock\" > /dev/null\nif [ $? != 0 ] ; then\n    # print error to STDERR\n    echo \"error: The sandbox is not in sync with the Podfile.lock. Run 'pod install' or update your CocoaPods installation.\" >&2\n    exit 1\nfi\n# This output is used by Xcode 'outputs' to avoid re-running this script phase.\necho \"SUCCESS\" > \"${SCRIPT_OUTPUT_FILE_0}\"\n";
			showEnvVarsInLog = 0;
		};
		DAC318851271B2EF532A06D7 /* [CP] Embed Pods Frameworks */ = {
			isa = PBXShellScriptBuildPhase;
			buildActionMask = 2147483647;
			files = (
			);
			inputFileListPaths = (
				"${PODS_ROOT}/Target Support Files/Pods-Tumblr/Pods-Tumblr-frameworks-${CONFIGURATION}-input-files.xcfilelist",
			);
			name = "[CP] Embed Pods Frameworks";
			outputFileListPaths = (
				"${PODS_ROOT}/Target Support Files/Pods-Tumblr/Pods-Tumblr-frameworks-${CONFIGURATION}-output-files.xcfilelist",
			);
			runOnlyForDeploymentPostprocessing = 0;
			shellPath = /bin/sh;
			shellScript = "\"${PODS_ROOT}/Target Support Files/Pods-Tumblr/Pods-Tumblr-frameworks.sh\"\n";
			showEnvVarsInLog = 0;
		};
/* End PBXShellScriptBuildPhase section */

/* Begin PBXSourcesBuildPhase section */
		FF80738B22C5346E0034E444 /* Sources */ = {
			isa = PBXSourcesBuildPhase;
			buildActionMask = 2147483647;
			files = (
				FF8073CB22C53A9F0034E444 /* PhotosTableViewCell.m in Sources */,
				FF8073C622C535980034E444 /* PhotosViewController.m in Sources */,
				FF8073A222C5346E0034E444 /* main.m in Sources */,
				FF80739422C5346E0034E444 /* AppDelegate.m in Sources */,
			);
			runOnlyForDeploymentPostprocessing = 0;
		};
		FF8073A322C5346F0034E444 /* Sources */ = {
			isa = PBXSourcesBuildPhase;
			buildActionMask = 2147483647;
			files = (
				FF8073AC22C5346F0034E444 /* TumblrTests.m in Sources */,
			);
			runOnlyForDeploymentPostprocessing = 0;
		};
		FF8073AE22C5346F0034E444 /* Sources */ = {
			isa = PBXSourcesBuildPhase;
			buildActionMask = 2147483647;
			files = (
				FF8073B722C5346F0034E444 /* TumblrUITests.m in Sources */,
			);
			runOnlyForDeploymentPostprocessing = 0;
		};
/* End PBXSourcesBuildPhase section */

/* Begin PBXTargetDependency section */
		FF8073A922C5346F0034E444 /* PBXTargetDependency */ = {
			isa = PBXTargetDependency;
			target = FF80738E22C5346E0034E444 /* Tumblr */;
			targetProxy = FF8073A822C5346F0034E444 /* PBXContainerItemProxy */;
		};
		FF8073B422C5346F0034E444 /* PBXTargetDependency */ = {
			isa = PBXTargetDependency;
			target = FF80738E22C5346E0034E444 /* Tumblr */;
			targetProxy = FF8073B322C5346F0034E444 /* PBXContainerItemProxy */;
		};
/* End PBXTargetDependency section */

/* Begin PBXVariantGroup section */
		FF80739822C5346E0034E444 /* Main.storyboard */ = {
			isa = PBXVariantGroup;
			children = (
				FF80739922C5346E0034E444 /* Base */,
			);
			name = Main.storyboard;
			sourceTree = "<group>";
		};
		FF80739D22C5346E0034E444 /* LaunchScreen.storyboard */ = {
			isa = PBXVariantGroup;
			children = (
				FF80739E22C5346E0034E444 /* Base */,
			);
			name = LaunchScreen.storyboard;
			sourceTree = "<group>";
		};
/* End PBXVariantGroup section */

/* Begin XCBuildConfiguration section */
		FF8073B922C5346F0034E444 /* Debug */ = {
			isa = XCBuildConfiguration;
			buildSettings = {
				ALWAYS_SEARCH_USER_PATHS = NO;
				CLANG_ANALYZER_NONNULL = YES;
				CLANG_ANALYZER_NUMBER_OBJECT_CONVERSION = YES_AGGRESSIVE;
				CLANG_CXX_LANGUAGE_STANDARD = "gnu++14";
				CLANG_CXX_LIBRARY = "libc++";
				CLANG_ENABLE_MODULES = YES;
				CLANG_ENABLE_OBJC_ARC = YES;
				CLANG_ENABLE_OBJC_WEAK = YES;
				CLANG_WARN_BLOCK_CAPTURE_AUTORELEASING = YES;
				CLANG_WARN_BOOL_CONVERSION = YES;
				CLANG_WARN_COMMA = YES;
				CLANG_WARN_CONSTANT_CONVERSION = YES;
				CLANG_WARN_DEPRECATED_OBJC_IMPLEMENTATIONS = YES;
				CLANG_WARN_DIRECT_OBJC_ISA_USAGE = YES_ERROR;
				CLANG_WARN_DOCUMENTATION_COMMENTS = YES;
				CLANG_WARN_EMPTY_BODY = YES;
				CLANG_WARN_ENUM_CONVERSION = YES;
				CLANG_WARN_INFINITE_RECURSION = YES;
				CLANG_WARN_INT_CONVERSION = YES;
				CLANG_WARN_NON_LITERAL_NULL_CONVERSION = YES;
				CLANG_WARN_OBJC_IMPLICIT_RETAIN_SELF = YES;
				CLANG_WARN_OBJC_LITERAL_CONVERSION = YES;
				CLANG_WARN_OBJC_ROOT_CLASS = YES_ERROR;
				CLANG_WARN_RANGE_LOOP_ANALYSIS = YES;
				CLANG_WARN_STRICT_PROTOTYPES = YES;
				CLANG_WARN_SUSPICIOUS_MOVE = YES;
				CLANG_WARN_UNGUARDED_AVAILABILITY = YES_AGGRESSIVE;
				CLANG_WARN_UNREACHABLE_CODE = YES;
				CLANG_WARN__DUPLICATE_METHOD_MATCH = YES;
				CODE_SIGN_IDENTITY = "iPhone Developer";
				COPY_PHASE_STRIP = NO;
				DEBUG_INFORMATION_FORMAT = dwarf;
				ENABLE_STRICT_OBJC_MSGSEND = YES;
				ENABLE_TESTABILITY = YES;
				GCC_C_LANGUAGE_STANDARD = gnu11;
				GCC_DYNAMIC_NO_PIC = NO;
				GCC_NO_COMMON_BLOCKS = YES;
				GCC_OPTIMIZATION_LEVEL = 0;
				GCC_PREPROCESSOR_DEFINITIONS = (
					"DEBUG=1",
					"$(inherited)",
				);
				GCC_WARN_64_TO_32_BIT_CONVERSION = YES;
				GCC_WARN_ABOUT_RETURN_TYPE = YES_ERROR;
				GCC_WARN_UNDECLARED_SELECTOR = YES;
				GCC_WARN_UNINITIALIZED_AUTOS = YES_AGGRESSIVE;
				GCC_WARN_UNUSED_FUNCTION = YES;
				GCC_WARN_UNUSED_VARIABLE = YES;
				IPHONEOS_DEPLOYMENT_TARGET = 12.2;
				MTL_ENABLE_DEBUG_INFO = INCLUDE_SOURCE;
				MTL_FAST_MATH = YES;
				ONLY_ACTIVE_ARCH = YES;
				SDKROOT = iphoneos;
			};
			name = Debug;
		};
		FF8073BA22C5346F0034E444 /* Release */ = {
			isa = XCBuildConfiguration;
			buildSettings = {
				ALWAYS_SEARCH_USER_PATHS = NO;
				CLANG_ANALYZER_NONNULL = YES;
				CLANG_ANALYZER_NUMBER_OBJECT_CONVERSION = YES_AGGRESSIVE;
				CLANG_CXX_LANGUAGE_STANDARD = "gnu++14";
				CLANG_CXX_LIBRARY = "libc++";
				CLANG_ENABLE_MODULES = YES;
				CLANG_ENABLE_OBJC_ARC = YES;
				CLANG_ENABLE_OBJC_WEAK = YES;
				CLANG_WARN_BLOCK_CAPTURE_AUTORELEASING = YES;
				CLANG_WARN_BOOL_CONVERSION = YES;
				CLANG_WARN_COMMA = YES;
				CLANG_WARN_CONSTANT_CONVERSION = YES;
				CLANG_WARN_DEPRECATED_OBJC_IMPLEMENTATIONS = YES;
				CLANG_WARN_DIRECT_OBJC_ISA_USAGE = YES_ERROR;
				CLANG_WARN_DOCUMENTATION_COMMENTS = YES;
				CLANG_WARN_EMPTY_BODY = YES;
				CLANG_WARN_ENUM_CONVERSION = YES;
				CLANG_WARN_INFINITE_RECURSION = YES;
				CLANG_WARN_INT_CONVERSION = YES;
				CLANG_WARN_NON_LITERAL_NULL_CONVERSION = YES;
				CLANG_WARN_OBJC_IMPLICIT_RETAIN_SELF = YES;
				CLANG_WARN_OBJC_LITERAL_CONVERSION = YES;
				CLANG_WARN_OBJC_ROOT_CLASS = YES_ERROR;
				CLANG_WARN_RANGE_LOOP_ANALYSIS = YES;
				CLANG_WARN_STRICT_PROTOTYPES = YES;
				CLANG_WARN_SUSPICIOUS_MOVE = YES;
				CLANG_WARN_UNGUARDED_AVAILABILITY = YES_AGGRESSIVE;
				CLANG_WARN_UNREACHABLE_CODE = YES;
				CLANG_WARN__DUPLICATE_METHOD_MATCH = YES;
				CODE_SIGN_IDENTITY = "iPhone Developer";
				COPY_PHASE_STRIP = NO;
				DEBUG_INFORMATION_FORMAT = "dwarf-with-dsym";
				ENABLE_NS_ASSERTIONS = NO;
				ENABLE_STRICT_OBJC_MSGSEND = YES;
				GCC_C_LANGUAGE_STANDARD = gnu11;
				GCC_NO_COMMON_BLOCKS = YES;
				GCC_WARN_64_TO_32_BIT_CONVERSION = YES;
				GCC_WARN_ABOUT_RETURN_TYPE = YES_ERROR;
				GCC_WARN_UNDECLARED_SELECTOR = YES;
				GCC_WARN_UNINITIALIZED_AUTOS = YES_AGGRESSIVE;
				GCC_WARN_UNUSED_FUNCTION = YES;
				GCC_WARN_UNUSED_VARIABLE = YES;
				IPHONEOS_DEPLOYMENT_TARGET = 12.2;
				MTL_ENABLE_DEBUG_INFO = NO;
				MTL_FAST_MATH = YES;
				SDKROOT = iphoneos;
				VALIDATE_PRODUCT = YES;
			};
			name = Release;
		};
		FF8073BC22C5346F0034E444 /* Debug */ = {
			isa = XCBuildConfiguration;
			baseConfigurationReference = 67DDF81672F05A49728AC5FA /* Pods-Tumblr.debug.xcconfig */;
			buildSettings = {
				ASSETCATALOG_COMPILER_APPICON_NAME = AppIcon;
				CODE_SIGN_STYLE = Automatic;
				DEVELOPMENT_TEAM = 82F2G2LCDZ;
				INFOPLIST_FILE = Tumblr/Info.plist;
				LD_RUNPATH_SEARCH_PATHS = (
					"$(inherited)",
					"@executable_path/Frameworks",
				);
				PRODUCT_BUNDLE_IDENTIFIER = "com.michael.vargas99-gmail.com.Tumblr";
				PRODUCT_NAME = "$(TARGET_NAME)";
				TARGETED_DEVICE_FAMILY = "1,2";
			};
			name = Debug;
		};
		FF8073BD22C5346F0034E444 /* Release */ = {
			isa = XCBuildConfiguration;
			baseConfigurationReference = 641F4416FDA17FD1ACFB44AD /* Pods-Tumblr.release.xcconfig */;
			buildSettings = {
				ASSETCATALOG_COMPILER_APPICON_NAME = AppIcon;
				CODE_SIGN_STYLE = Automatic;
				DEVELOPMENT_TEAM = 82F2G2LCDZ;
				INFOPLIST_FILE = Tumblr/Info.plist;
				LD_RUNPATH_SEARCH_PATHS = (
					"$(inherited)",
					"@executable_path/Frameworks",
				);
				PRODUCT_BUNDLE_IDENTIFIER = "com.michael.vargas99-gmail.com.Tumblr";
				PRODUCT_NAME = "$(TARGET_NAME)";
				TARGETED_DEVICE_FAMILY = "1,2";
			};
			name = Release;
		};
		FF8073BF22C5346F0034E444 /* Debug */ = {
			isa = XCBuildConfiguration;
			baseConfigurationReference = 8A932FEE192FCFBB6BF672ED /* Pods-TumblrTests.debug.xcconfig */;
			buildSettings = {
				BUNDLE_LOADER = "$(TEST_HOST)";
				CODE_SIGN_STYLE = Automatic;
				DEVELOPMENT_TEAM = 82F2G2LCDZ;
				INFOPLIST_FILE = TumblrTests/Info.plist;
				LD_RUNPATH_SEARCH_PATHS = (
					"$(inherited)",
					"@executable_path/Frameworks",
					"@loader_path/Frameworks",
				);
				PRODUCT_BUNDLE_IDENTIFIER = "com.michael.vargas99-gmail.com.TumblrTests";
				PRODUCT_NAME = "$(TARGET_NAME)";
				TARGETED_DEVICE_FAMILY = "1,2";
				TEST_HOST = "$(BUILT_PRODUCTS_DIR)/Tumblr.app/Tumblr";
			};
			name = Debug;
		};
		FF8073C022C5346F0034E444 /* Release */ = {
			isa = XCBuildConfiguration;
			baseConfigurationReference = 7DFF2F6346DD22161B772A78 /* Pods-TumblrTests.release.xcconfig */;
			buildSettings = {
				BUNDLE_LOADER = "$(TEST_HOST)";
				CODE_SIGN_STYLE = Automatic;
				DEVELOPMENT_TEAM = 82F2G2LCDZ;
				INFOPLIST_FILE = TumblrTests/Info.plist;
				LD_RUNPATH_SEARCH_PATHS = (
					"$(inherited)",
					"@executable_path/Frameworks",
					"@loader_path/Frameworks",
				);
				PRODUCT_BUNDLE_IDENTIFIER = "com.michael.vargas99-gmail.com.TumblrTests";
				PRODUCT_NAME = "$(TARGET_NAME)";
				TARGETED_DEVICE_FAMILY = "1,2";
				TEST_HOST = "$(BUILT_PRODUCTS_DIR)/Tumblr.app/Tumblr";
			};
			name = Release;
		};
		FF8073C222C5346F0034E444 /* Debug */ = {
			isa = XCBuildConfiguration;
			baseConfigurationReference = 5E468C803F0B8D9067B96111 /* Pods-TumblrUITests.debug.xcconfig */;
			buildSettings = {
				CODE_SIGN_STYLE = Automatic;
				DEVELOPMENT_TEAM = 82F2G2LCDZ;
				INFOPLIST_FILE = TumblrUITests/Info.plist;
				LD_RUNPATH_SEARCH_PATHS = (
					"$(inherited)",
					"@executable_path/Frameworks",
					"@loader_path/Frameworks",
				);
				PRODUCT_BUNDLE_IDENTIFIER = "com.michael.vargas99-gmail.com.TumblrUITests";
				PRODUCT_NAME = "$(TARGET_NAME)";
				TARGETED_DEVICE_FAMILY = "1,2";
				TEST_TARGET_NAME = Tumblr;
			};
			name = Debug;
		};
		FF8073C322C5346F0034E444 /* Release */ = {
			isa = XCBuildConfiguration;
			baseConfigurationReference = 20A6E9A1457F81D62412FCC6 /* Pods-TumblrUITests.release.xcconfig */;
			buildSettings = {
				CODE_SIGN_STYLE = Automatic;
				DEVELOPMENT_TEAM = 82F2G2LCDZ;
				INFOPLIST_FILE = TumblrUITests/Info.plist;
				LD_RUNPATH_SEARCH_PATHS = (
					"$(inherited)",
					"@executable_path/Frameworks",
					"@loader_path/Frameworks",
				);
				PRODUCT_BUNDLE_IDENTIFIER = "com.michael.vargas99-gmail.com.TumblrUITests";
				PRODUCT_NAME = "$(TARGET_NAME)";
				TARGETED_DEVICE_FAMILY = "1,2";
				TEST_TARGET_NAME = Tumblr;
			};
			name = Release;
		};
/* End XCBuildConfiguration section */

/* Begin XCConfigurationList section */
		FF80738A22C5346E0034E444 /* Build configuration list for PBXProject "Tumblr" */ = {
			isa = XCConfigurationList;
			buildConfigurations = (
				FF8073B922C5346F0034E444 /* Debug */,
				FF8073BA22C5346F0034E444 /* Release */,
			);
			defaultConfigurationIsVisible = 0;
			defaultConfigurationName = Release;
		};
		FF8073BB22C5346F0034E444 /* Build configuration list for PBXNativeTarget "Tumblr" */ = {
			isa = XCConfigurationList;
			buildConfigurations = (
				FF8073BC22C5346F0034E444 /* Debug */,
				FF8073BD22C5346F0034E444 /* Release */,
			);
			defaultConfigurationIsVisible = 0;
			defaultConfigurationName = Release;
		};
		FF8073BE22C5346F0034E444 /* Build configuration list for PBXNativeTarget "TumblrTests" */ = {
			isa = XCConfigurationList;
			buildConfigurations = (
				FF8073BF22C5346F0034E444 /* Debug */,
				FF8073C022C5346F0034E444 /* Release */,
			);
			defaultConfigurationIsVisible = 0;
			defaultConfigurationName = Release;
		};
		FF8073C122C5346F0034E444 /* Build configuration list for PBXNativeTarget "TumblrUITests" */ = {
			isa = XCConfigurationList;
			buildConfigurations = (
				FF8073C222C5346F0034E444 /* Debug */,
				FF8073C322C5346F0034E444 /* Release */,
			);
			defaultConfigurationIsVisible = 0;
			defaultConfigurationName = Release;
		};
/* End XCConfigurationList section */
	};
	rootObject = FF80738722C5346E0034E444 /* Project object */;
}
